{
  "requires": true,
  "lockfileVersion": 1,
  "dependencies": {
    "vue-localstorage": {
      "version": "0.5.0",
      "resolved": "https://registry.npmjs.org/vue-localstorage/-/vue-localstorage-0.5.0.tgz",
      "integrity": "sha512-oXSh9TEN79Q9wdYIG17xHPes6huJPa8YCR9EY+U0vPphI64CCSMw9XtghAZnFwdoHgPdbTmwT1sQhXcGmyNFjw=="
    }
  }
}
